
Microsoft Visual Studio Solution File, Format Version 12.00
# Visual Studio 15
VisualStudioVersion = 15.0.28307.136
MinimumVisualStudioVersion = 10.0.40219.1
Project("{D2ABAB84-BF74-430A-B69E-9DC6D40DDA17}") = "HD", "HD\HD.dwproj", "{765885A9-6468-4F13-A56F-8CF4D7349BD2}"
EndProject
Global
	GlobalSection(SolutionConfigurationPlatforms) = preSolution
		Development|Default = Development|Default
	EndGlobalSection
	GlobalSection(ProjectConfigurationPlatforms) = postSolution
		{765885A9-6468-4F13-A56F-8CF4D7349BD2}.Development|Default.ActiveCfg = Development
		{765885A9-6468-4F13-A56F-8CF4D7349BD2}.Development|Default.Build.0 = Development
		{765885A9-6468-4F13-A56F-8CF4D7349BD2}.Development|Default.Deploy.0 = Development
	EndGlobalSection
	GlobalSection(SolutionProperties) = preSolution
		HideSolutionNode = FALSE
	EndGlobalSection
	GlobalSection(ExtensibilityGlobals) = postSolution
		SolutionGuid = {802F2410-A6C7-4137-8B4F-18D83883AF35}
	EndGlobalSection
EndGlobal
